
Microsoft Visual Studio Solution File, Format Version 11.00
# Visual Studio 2010
Project("{FAE04EC0-301F-11D3-BF4B-00C04F79EFBC}") = "ActiveCalls_QueueCalls", "ActiveCalls_QueueCalls.csproj", "{5A8E61D8-46C0-47A1-8145-69D0A1390BA6}"
EndProject
Global
	GlobalSection(SolutionConfigurationPlatforms) = preSolution
		Debug|Any CPU = Debug|Any CPU
		Release|Any CPU = Release|Any CPU
	EndGlobalSection
	GlobalSection(ProjectConfigurationPlatforms) = postSolution
		{5A8E61D8-46C0-47A1-8145-69D0A1390BA6}.Debug|Any CPU.ActiveCfg = Debug|Any CPU
		{5A8E61D8-46C0-47A1-8145-69D0A1390BA6}.Debug|Any CPU.Build.0 = Debug|Any CPU
		{5A8E61D8-46C0-47A1-8145-69D0A1390BA6}.Release|Any CPU.ActiveCfg = Release|Any CPU
		{5A8E61D8-46C0-47A1-8145-69D0A1390BA6}.Release|Any CPU.Build.0 = Release|Any CPU
	EndGlobalSection
	GlobalSection(SolutionProperties) = preSolution
		HideSolutionNode = FALSE
	EndGlobalSection
EndGlobal
